{
  "name": "@jumpcutking/threads",
  "version": "1.6.0",
  "lockfileVersion": 3,
  "requires": true,
  "packages": {
    "": {
      "name": "@jumpcutking/threads",
      "version": "1.6.0",
      "license": "MIT",
      "dependencies": {
        "@jumpcutking/console": "^1.2.0",
        "colors": "^1.4.0"
      }
    },
    "node_modules/@jumpcutking/console": {
      "version": "1.5.0",
      "resolved": "https://registry.npmjs.org/@jumpcutking/console/-/console-1.5.0.tgz",
      "integrity": "sha512-744HdCdnR/RUNRi93+pA9gXB0bwTIWCh0Z0sNK7HyhJgHXFmNkaiFa0tgWry03kYYG3oRMes/cfRmLBgFVh/YA==",
      "dependencies": {
        "colors": "^1.4.0"
      }
    },
    "node_modules/colors": {
      "version": "1.4.0",
      "resolved": "https://registry.npmjs.org/colors/-/colors-1.4.0.tgz",
      "integrity": "sha512-a+UqTh4kgZg/SlGvfbzDHpgRu7AAQOmmqRHJnxhRZICKFUT91brVhNNt58CMWU9PsBbv3PDCZUHbVxuDiH2mtA==",
      "engines": {
        "node": ">=0.1.90"
      }
    }
  }
}
