{
  "name": "@jumpcutking/threads",
  "version": "1.6",
  "lockfileVersion": 3,
  "requires": true,
  "packages": {
    "": {
      "name": "@jumpcutking/threads",
      "version": "1.6",
      "license": "MIT",
      "dependencies": {
        "@jumpcutking/console": "^0.8.1",
        "colors": "^1.4.0"
      }
    },
    "node_modules/@jumpcutking/console": {
      "version": "0.8.1",
      "resolved": "https://registry.npmjs.org/@jumpcutking/console/-/console-0.8.1.tgz",
      "integrity": "sha512-/TYz7ECLXjB1IfPY1SXXTLJBhOX2XnhrFtuXwZdswPX0r/phMq35ag8Y/NqRvDObcaDAGAWwp5+jqAmzpLlxcw==",
      "dependencies": {
        "colors": "^1.4.0"
      }
    },
    "node_modules/colors": {
      "version": "1.4.0",
      "resolved": "https://registry.npmjs.org/colors/-/colors-1.4.0.tgz",
      "integrity": "sha512-a+UqTh4kgZg/SlGvfbzDHpgRu7AAQOmmqRHJnxhRZICKFUT91brVhNNt58CMWU9PsBbv3PDCZUHbVxuDiH2mtA==",
      "engines": {
        "node": ">=0.1.90"
      }
    }
  }
}
